<?xml version="1.0" encoding="utf-8"?>
<Project ToolsVersion="4.0" xmlns="http://schemas.microsoft.com/developer/msbuild/2003">
  <ItemGroup>
    <ClCompile Include="App.cpp" />
    <ClCompile Include="Cube.cpp" />
    <ClCompile Include="DefaultScene.cpp" />
    <ClCompile Include="GoUp.cpp" />
    <ClCompile Include="FPCam.cpp" />
    <ClCompile Include="InputTester.cpp" />
    <ClCompile Include="Main.cpp" />
    <ClCompile Include="MenuScene.cpp" />
    <ClCompile Include="Move.cpp" />
    <ClCompile Include="RailMaker.cpp" />
    <ClCompile Include="RainbowBackground.cpp" />
    <ClCompile Include="Rotate.cpp" />
    <ClCompile Include="MoveAlongRails.cpp" />
  </ItemGroup>
  <ItemGroup>
    <ClInclude Include="App.h" />
    <ClInclude Include="Cube.h" />
    <ClInclude Include="DefaultScene.h" />
    <ClInclude Include="GoUp.h" />
    <ClInclude Include="FPCam.h" />
    <ClInclude Include="InputTester.h" />
    <ClInclude Include="MenuScene.h" />
    <ClInclude Include="Move.h" />
    <ClInclude Include="RailMaker.h" />
    <ClInclude Include="RainbowBackground.h" />
    <ClInclude Include="Resource.h" />
    <ClInclude Include="Rotate.h" />
    <ClInclude Include="targetver.h" />
    <ClInclude Include="MoveAlongRails.h" />
  </ItemGroup>
  <ItemGroup>
    <ResourceCompile Include="RollerCoaster.rc" />
  </ItemGroup>
  <ItemGroup>
    <Image Include="RollerCoaster.ico" />
    <Image Include="small.ico" />
  </ItemGroup>
</Project>