<?xml version="1.0" encoding="utf-8"?>
<Project ToolsVersion="4.0" xmlns="http://schemas.microsoft.com/developer/msbuild/2003">
  <ItemGroup>
    <Filter Include="Resource Files">
      <UniqueIdentifier>{67DA6AB6-F800-4c08-8B7A-83BB121AAD01}</UniqueIdentifier>
      <Extensions>rc;ico;cur;bmp;dlg;rc2;rct;bin;rgs;gif;jpg;jpeg;jpe;resx;tiff;tif;png;wav;mfcribbon-ms</Extensions>
    </Filter>
    <Filter Include="Framework">
      <UniqueIdentifier>{93995380-89BD-4b04-88EB-625FBE52EBFB}</UniqueIdentifier>
      <Extensions>h;hh;hpp;hxx;h++;hm;inl;inc;ipp;xsd</Extensions>
    </Filter>
    <Filter Include="Game">
      <UniqueIdentifier>{de03e27c-7cfd-44df-a836-b6cdea488d0d}</UniqueIdentifier>
    </Filter>
    <Filter Include="Game\Scenes">
      <UniqueIdentifier>{63460e92-4f1e-4751-9b8b-ce450c5f8f31}</UniqueIdentifier>
    </Filter>
    <Filter Include="Game\Scripts">
      <UniqueIdentifier>{2a34c824-fc6f-4dd3-a4fb-0fb4be78c117}</UniqueIdentifier>
    </Filter>
  </ItemGroup>
  <ItemGroup>
    <ClInclude Include="targetver.h">
      <Filter>Framework</Filter>
    </ClInclude>
    <ClInclude Include="Resource.h">
      <Filter>Framework</Filter>
    </ClInclude>
    <ClInclude Include="RainbowBackground.h">
      <Filter>Game\Scripts</Filter>
    </ClInclude>
    <ClInclude Include="Cube.h">
      <Filter>Game\Scripts</Filter>
    </ClInclude>
    <ClInclude Include="App.h">
      <Filter>Game</Filter>
    </ClInclude>
    <ClInclude Include="DefaultScene.h">
      <Filter>Game\Scenes</Filter>
    </ClInclude>
    <ClInclude Include="GoUp.h">
      <Filter>Game\Scripts</Filter>
    </ClInclude>
    <ClInclude Include="Rotate.h">
      <Filter>Game\Scripts</Filter>
    </ClInclude>
    <ClInclude Include="InputTester.h">
      <Filter>Framework</Filter>
    </ClInclude>
  </ItemGroup>
  <ItemGroup>
    <ClCompile Include="RainbowBackground.cpp">
      <Filter>Game\Scripts</Filter>
    </ClCompile>
    <ClCompile Include="Cube.cpp">
      <Filter>Game\Scripts</Filter>
    </ClCompile>
    <ClCompile Include="App.cpp">
      <Filter>Game</Filter>
    </ClCompile>
    <ClCompile Include="DefaultScene.cpp">
      <Filter>Game\Scenes</Filter>
    </ClCompile>
    <ClCompile Include="Main.cpp">
      <Filter>Game</Filter>
    </ClCompile>
    <ClCompile Include="GoUp.cpp">
      <Filter>Game\Scripts</Filter>
    </ClCompile>
    <ClCompile Include="Rotate.cpp">
      <Filter>Game\Scripts</Filter>
    </ClCompile>
    <ClCompile Include="InputTester.cpp" />
  </ItemGroup>
  <ItemGroup>
    <ResourceCompile Include="RollerCoaster.rc">
      <Filter>Resource Files</Filter>
    </ResourceCompile>
  </ItemGroup>
  <ItemGroup>
    <Image Include="small.ico">
      <Filter>Resource Files</Filter>
    </Image>
    <Image Include="RollerCoaster.ico">
      <Filter>Resource Files</Filter>
    </Image>
  </ItemGroup>
</Project>